
Microsoft Visual Studio Solution File, Format Version 12.00
# Visual Studio Version 17
VisualStudioVersion = 17.5.33414.496
MinimumVisualStudioVersion = 10.0.40219.1
Project("{FAE04EC0-301F-11D3-BF4B-00C04F79EFBC}") = "C# Final v2", "C# Final v2\C# Final v2.csproj", "{3A5EDA43-C37D-411C-843B-8718415C3395}"
EndProject
Project("{FAE04EC0-301F-11D3-BF4B-00C04F79EFBC}") = "Menu", "Menu\Menu.csproj", "{14761F93-E2D9-4129-8F03-A22CF3162ACE}"
EndProject
Global
	GlobalSection(SolutionConfigurationPlatforms) = preSolution
		Debug|Any CPU = Debug|Any CPU
		Release|Any CPU = Release|Any CPU
	EndGlobalSection
	GlobalSection(ProjectConfigurationPlatforms) = postSolution
		{3A5EDA43-C37D-411C-843B-8718415C3395}.Debug|Any CPU.ActiveCfg = Debug|Any CPU
		{3A5EDA43-C37D-411C-843B-8718415C3395}.Debug|Any CPU.Build.0 = Debug|Any CPU
		{3A5EDA43-C37D-411C-843B-8718415C3395}.Release|Any CPU.ActiveCfg = Release|Any CPU
		{3A5EDA43-C37D-411C-843B-8718415C3395}.Release|Any CPU.Build.0 = Release|Any CPU
		{14761F93-E2D9-4129-8F03-A22CF3162ACE}.Debug|Any CPU.ActiveCfg = Debug|Any CPU
		{14761F93-E2D9-4129-8F03-A22CF3162ACE}.Debug|Any CPU.Build.0 = Debug|Any CPU
		{14761F93-E2D9-4129-8F03-A22CF3162ACE}.Release|Any CPU.ActiveCfg = Release|Any CPU
		{14761F93-E2D9-4129-8F03-A22CF3162ACE}.Release|Any CPU.Build.0 = Release|Any CPU
	EndGlobalSection
	GlobalSection(SolutionProperties) = preSolution
		HideSolutionNode = FALSE
	EndGlobalSection
	GlobalSection(ExtensibilityGlobals) = postSolution
		SolutionGuid = {74F4294D-8604-4A09-9447-DF6B6F0F79F2}
	EndGlobalSection
EndGlobal
